[[package]]
category = "main"
description = "An engine to parse and evaluate D&D-inspired roll expressions"
name = "dndice"
optional = false
python-versions = ">=3.6,<4.0"
version = "2.1.2"

[[package]]
category = "main"
description = "Filesystem-like pathing and searching for dictionaries"
name = "dpath"
optional = false
python-versions = "*"
version = "1.4.2"

[metadata]
content-hash = "e271c40e049e77a68145b673fbf3b077950871be0e661fb0ce764038c168cef3"
python-versions = "^3.6"

[metadata.hashes]
dndice = ["c9e58f38ec1e0b225ae1494edaa9c50c8db110b7ca72b0a1046f35551fb97de1", "dd5139c5b9958118827254edce65c19f241e8f21818d4652e43a948318d17f5c"]
dpath = ["0f635f49e88843a4a519aca1c599faee271730f818a81860827e7d7b4d40273f"]
